
Microsoft Visual Studio Solution File, Format Version 12.00
# Visual Studio Version 17
VisualStudioVersion = 17.11.35222.181
MinimumVisualStudioVersion = 10.0.40219.1
Project("{FAE04EC0-301F-11D3-BF4B-00C04F79EFBC}") = "Adding random to auto battler", "Adding random to auto battler\Adding random to auto battler.csproj", "{1583750F-D99E-4102-855E-AE1B6589D2DA}"
EndProject
Global
	GlobalSection(SolutionConfigurationPlatforms) = preSolution
		Debug|Any CPU = Debug|Any CPU
		Release|Any CPU = Release|Any CPU
	EndGlobalSection
	GlobalSection(ProjectConfigurationPlatforms) = postSolution
		{1583750F-D99E-4102-855E-AE1B6589D2DA}.Debug|Any CPU.ActiveCfg = Debug|Any CPU
		{1583750F-D99E-4102-855E-AE1B6589D2DA}.Debug|Any CPU.Build.0 = Debug|Any CPU
		{1583750F-D99E-4102-855E-AE1B6589D2DA}.Release|Any CPU.ActiveCfg = Release|Any CPU
		{1583750F-D99E-4102-855E-AE1B6589D2DA}.Release|Any CPU.Build.0 = Release|Any CPU
	EndGlobalSection
	GlobalSection(SolutionProperties) = preSolution
		HideSolutionNode = FALSE
	EndGlobalSection
	GlobalSection(ExtensibilityGlobals) = postSolution
		SolutionGuid = {99397D7D-FF73-424B-9918-AF48AB3D6EE8}
	EndGlobalSection
EndGlobal
